// !$*UTF8*$!
{
	archiveVersion = 1;
	classes = {
	};
	objectVersion = 46;
	objects = {

/* Begin PBXBuildFile section */
		500B661A15DD5B53002B2233 /* PWSetTagsRequest.h in Headers */ = {isa = PBXBuildFile; fileRef = 500B661815DD5B53002B2233 /* PWSetTagsRequest.h */; };
		500B661B15DD5B53002B2233 /* PWSetTagsRequest.m in Sources */ = {isa = PBXBuildFile; fileRef = 500B661915DD5B53002B2233 /* PWSetTagsRequest.m */; };
		500B661E15DD5B9E002B2233 /* PWRequest.h in Headers */ = {isa = PBXBuildFile; fileRef = 500B661C15DD5B9E002B2233 /* PWRequest.h */; };
		500B661F15DD5B9E002B2233 /* PWRequest.m in Sources */ = {isa = PBXBuildFile; fileRef = 500B661D15DD5B9E002B2233 /* PWRequest.m */; };
		500B662215DD5BBA002B2233 /* PWRequestManager.h in Headers */ = {isa = PBXBuildFile; fileRef = 500B662015DD5BBA002B2233 /* PWRequestManager.h */; };
		500B662315DD5BBA002B2233 /* PWRequestManager.m in Sources */ = {isa = PBXBuildFile; fileRef = 500B662115DD5BBA002B2233 /* PWRequestManager.m */; };
		500B662615DD5D43002B2233 /* PWRegisterDeviceRequest.h in Headers */ = {isa = PBXBuildFile; fileRef = 500B662415DD5D43002B2233 /* PWRegisterDeviceRequest.h */; };
		500B662715DD5D43002B2233 /* PWRegisterDeviceRequest.m in Sources */ = {isa = PBXBuildFile; fileRef = 500B662515DD5D43002B2233 /* PWRegisterDeviceRequest.m */; };
		500B662A15DD5FE3002B2233 /* PWPushStatRequest.h in Headers */ = {isa = PBXBuildFile; fileRef = 500B662815DD5FE3002B2233 /* PWPushStatRequest.h */; };
		500B662B15DD5FE3002B2233 /* PWPushStatRequest.m in Sources */ = {isa = PBXBuildFile; fileRef = 500B662915DD5FE3002B2233 /* PWPushStatRequest.m */; };
		50B7292B165D5B3900525F8B /* PWAppOpenRequest.m in Sources */ = {isa = PBXBuildFile; fileRef = 50B72929165D5B3900525F8B /* PWAppOpenRequest.m */; };
		50B7292C165D5B3900525F8B /* PWAppOpenRequest.h in Headers */ = {isa = PBXBuildFile; fileRef = 50B7292A165D5B3900525F8B /* PWAppOpenRequest.h */; };
		50BCA990175F7FAE0008AB74 /* PushRuntime.h in Headers */ = {isa = PBXBuildFile; fileRef = 50BCA982175F7FAE0008AB74 /* PushRuntime.h */; };
		50BCA991175F7FAE0008AB74 /* PushRuntime.m in Sources */ = {isa = PBXBuildFile; fileRef = 50BCA983175F7FAE0008AB74 /* PushRuntime.m */; };
		50BCA992175F7FAE0008AB74 /* PW_SBJsonBase.h in Headers */ = {isa = PBXBuildFile; fileRef = 50BCA984175F7FAE0008AB74 /* PW_SBJsonBase.h */; };
		50BCA993175F7FAE0008AB74 /* PW_SBJsonBase.m in Sources */ = {isa = PBXBuildFile; fileRef = 50BCA985175F7FAE0008AB74 /* PW_SBJsonBase.m */; };
		50BCA994175F7FAE0008AB74 /* PW_SBJsonParser.h in Headers */ = {isa = PBXBuildFile; fileRef = 50BCA986175F7FAE0008AB74 /* PW_SBJsonParser.h */; };
		50BCA995175F7FAE0008AB74 /* PW_SBJsonParser.m in Sources */ = {isa = PBXBuildFile; fileRef = 50BCA987175F7FAE0008AB74 /* PW_SBJsonParser.m */; };
		50BCA996175F7FAE0008AB74 /* PW_SBJsonWriter.h in Headers */ = {isa = PBXBuildFile; fileRef = 50BCA988175F7FAE0008AB74 /* PW_SBJsonWriter.h */; };
		50BCA997175F7FAE0008AB74 /* PW_SBJsonWriter.m in Sources */ = {isa = PBXBuildFile; fileRef = 50BCA989175F7FAE0008AB74 /* PW_SBJsonWriter.m */; };
		50BCA998175F7FAE0008AB74 /* PWApplicationEventRequest.h in Headers */ = {isa = PBXBuildFile; fileRef = 50BCA98A175F7FAE0008AB74 /* PWApplicationEventRequest.h */; };
		50BCA999175F7FAE0008AB74 /* PWApplicationEventRequest.m in Sources */ = {isa = PBXBuildFile; fileRef = 50BCA98B175F7FAE0008AB74 /* PWApplicationEventRequest.m */; };
		50BCA99A175F7FAE0008AB74 /* PWGetTagsRequest.h in Headers */ = {isa = PBXBuildFile; fileRef = 50BCA98C175F7FAE0008AB74 /* PWGetTagsRequest.h */; };
		50BCA99B175F7FAE0008AB74 /* PWGetTagsRequest.m in Sources */ = {isa = PBXBuildFile; fileRef = 50BCA98D175F7FAE0008AB74 /* PWGetTagsRequest.m */; };
		50BCA99C175F7FAE0008AB74 /* PWSendBadgeRequest.h in Headers */ = {isa = PBXBuildFile; fileRef = 50BCA98E175F7FAE0008AB74 /* PWSendBadgeRequest.h */; };
		50BCA99D175F7FAE0008AB74 /* PWSendBadgeRequest.m in Sources */ = {isa = PBXBuildFile; fileRef = 50BCA98F175F7FAE0008AB74 /* PWSendBadgeRequest.m */; };
		ABB6AF7414D2AED300D0A064 /* Cocoa.framework in Frameworks */ = {isa = PBXBuildFile; fileRef = ABB6AF7314D2AED300D0A064 /* Cocoa.framework */; };
		ABB6AF7E14D2AED300D0A064 /* PushNotificationManager.m in Sources */ = {isa = PBXBuildFile; fileRef = ABB6AF7D14D2AED300D0A064 /* PushNotificationManager.m */; };
/* End PBXBuildFile section */

/* Begin PBXFileReference section */
		500B661815DD5B53002B2233 /* PWSetTagsRequest.h */ = {isa = PBXFileReference; fileEncoding = 4; lastKnownFileType = sourcecode.c.h; path = PWSetTagsRequest.h; sourceTree = "<group>"; };
		500B661915DD5B53002B2233 /* PWSetTagsRequest.m */ = {isa = PBXFileReference; fileEncoding = 4; lastKnownFileType = sourcecode.c.objc; path = PWSetTagsRequest.m; sourceTree = "<group>"; };
		500B661C15DD5B9E002B2233 /* PWRequest.h */ = {isa = PBXFileReference; fileEncoding = 4; lastKnownFileType = sourcecode.c.h; path = PWRequest.h; sourceTree = "<group>"; };
		500B661D15DD5B9E002B2233 /* PWRequest.m */ = {isa = PBXFileReference; fileEncoding = 4; lastKnownFileType = sourcecode.c.objc; path = PWRequest.m; sourceTree = "<group>"; };
		500B662015DD5BBA002B2233 /* PWRequestManager.h */ = {isa = PBXFileReference; fileEncoding = 4; lastKnownFileType = sourcecode.c.h; path = PWRequestManager.h; sourceTree = "<group>"; };
		500B662115DD5BBA002B2233 /* PWRequestManager.m */ = {isa = PBXFileReference; fileEncoding = 4; lastKnownFileType = sourcecode.c.objc; path = PWRequestManager.m; sourceTree = "<group>"; };
		500B662415DD5D43002B2233 /* PWRegisterDeviceRequest.h */ = {isa = PBXFileReference; fileEncoding = 4; lastKnownFileType = sourcecode.c.h; path = PWRegisterDeviceRequest.h; sourceTree = "<group>"; };
		500B662515DD5D43002B2233 /* PWRegisterDeviceRequest.m */ = {isa = PBXFileReference; fileEncoding = 4; lastKnownFileType = sourcecode.c.objc; path = PWRegisterDeviceRequest.m; sourceTree = "<group>"; };
		500B662815DD5FE3002B2233 /* PWPushStatRequest.h */ = {isa = PBXFileReference; fileEncoding = 4; lastKnownFileType = sourcecode.c.h; path = PWPushStatRequest.h; sourceTree = "<group>"; };
		500B662915DD5FE3002B2233 /* PWPushStatRequest.m */ = {isa = PBXFileReference; fileEncoding = 4; lastKnownFileType = sourcecode.c.objc; path = PWPushStatRequest.m; sourceTree = "<group>"; };
		50B72929165D5B3900525F8B /* PWAppOpenRequest.m */ = {isa = PBXFileReference; fileEncoding = 4; lastKnownFileType = sourcecode.c.objc; path = PWAppOpenRequest.m; sourceTree = "<group>"; };
		50B7292A165D5B3900525F8B /* PWAppOpenRequest.h */ = {isa = PBXFileReference; fileEncoding = 4; lastKnownFileType = sourcecode.c.h; path = PWAppOpenRequest.h; sourceTree = "<group>"; };
		50BCA982175F7FAE0008AB74 /* PushRuntime.h */ = {isa = PBXFileReference; fileEncoding = 4; lastKnownFileType = sourcecode.c.h; path = PushRuntime.h; sourceTree = "<group>"; };
		50BCA983175F7FAE0008AB74 /* PushRuntime.m */ = {isa = PBXFileReference; fileEncoding = 4; lastKnownFileType = sourcecode.c.objc; path = PushRuntime.m; sourceTree = "<group>"; };
		50BCA984175F7FAE0008AB74 /* PW_SBJsonBase.h */ = {isa = PBXFileReference; fileEncoding = 4; lastKnownFileType = sourcecode.c.h; path = PW_SBJsonBase.h; sourceTree = "<group>"; };
		50BCA985175F7FAE0008AB74 /* PW_SBJsonBase.m */ = {isa = PBXFileReference; fileEncoding = 4; lastKnownFileType = sourcecode.c.objc; path = PW_SBJsonBase.m; sourceTree = "<group>"; };
		50BCA986175F7FAE0008AB74 /* PW_SBJsonParser.h */ = {isa = PBXFileReference; fileEncoding = 4; lastKnownFileType = sourcecode.c.h; path = PW_SBJsonParser.h; sourceTree = "<group>"; };
		50BCA987175F7FAE0008AB74 /* PW_SBJsonParser.m */ = {isa = PBXFileReference; fileEncoding = 4; lastKnownFileType = sourcecode.c.objc; path = PW_SBJsonParser.m; sourceTree = "<group>"; };
		50BCA988175F7FAE0008AB74 /* PW_SBJsonWriter.h */ = {isa = PBXFileReference; fileEncoding = 4; lastKnownFileType = sourcecode.c.h; path = PW_SBJsonWriter.h; sourceTree = "<group>"; };
		50BCA989175F7FAE0008AB74 /* PW_SBJsonWriter.m */ = {isa = PBXFileReference; fileEncoding = 4; lastKnownFileType = sourcecode.c.objc; path = PW_SBJsonWriter.m; sourceTree = "<group>"; };
		50BCA98A175F7FAE0008AB74 /* PWApplicationEventRequest.h */ = {isa = PBXFileReference; fileEncoding = 4; lastKnownFileType = sourcecode.c.h; path = PWApplicationEventRequest.h; sourceTree = "<group>"; };
		50BCA98B175F7FAE0008AB74 /* PWApplicationEventRequest.m */ = {isa = PBXFileReference; fileEncoding = 4; lastKnownFileType = sourcecode.c.objc; path = PWApplicationEventRequest.m; sourceTree = "<group>"; };
		50BCA98C175F7FAE0008AB74 /* PWGetTagsRequest.h */ = {isa = PBXFileReference; fileEncoding = 4; lastKnownFileType = sourcecode.c.h; path = PWGetTagsRequest.h; sourceTree = "<group>"; };
		50BCA98D175F7FAE0008AB74 /* PWGetTagsRequest.m */ = {isa = PBXFileReference; fileEncoding = 4; lastKnownFileType = sourcecode.c.objc; path = PWGetTagsRequest.m; sourceTree = "<group>"; };
		50BCA98E175F7FAE0008AB74 /* PWSendBadgeRequest.h */ = {isa = PBXFileReference; fileEncoding = 4; lastKnownFileType = sourcecode.c.h; path = PWSendBadgeRequest.h; sourceTree = "<group>"; };
		50BCA98F175F7FAE0008AB74 /* PWSendBadgeRequest.m */ = {isa = PBXFileReference; fileEncoding = 4; lastKnownFileType = sourcecode.c.objc; path = PWSendBadgeRequest.m; sourceTree = "<group>"; };
		ABB6AF7014D2AED300D0A064 /* libPushNotificationManager.a */ = {isa = PBXFileReference; explicitFileType = archive.ar; includeInIndex = 0; path = libPushNotificationManager.a; sourceTree = BUILT_PRODUCTS_DIR; };
		ABB6AF7314D2AED300D0A064 /* Cocoa.framework */ = {isa = PBXFileReference; lastKnownFileType = wrapper.framework; name = Cocoa.framework; path = System/Library/Frameworks/Cocoa.framework; sourceTree = SDKROOT; };
		ABB6AF7614D2AED300D0A064 /* AppKit.framework */ = {isa = PBXFileReference; lastKnownFileType = wrapper.framework; name = AppKit.framework; path = System/Library/Frameworks/AppKit.framework; sourceTree = SDKROOT; };
		ABB6AF7814D2AED300D0A064 /* Foundation.framework */ = {isa = PBXFileReference; lastKnownFileType = wrapper.framework; name = Foundation.framework; path = System/Library/Frameworks/Foundation.framework; sourceTree = SDKROOT; };
		ABB6AF7B14D2AED300D0A064 /* PushNotificationManager-Prefix.pch */ = {isa = PBXFileReference; lastKnownFileType = sourcecode.c.h; path = "PushNotificationManager-Prefix.pch"; sourceTree = "<group>"; };
		ABB6AF7C14D2AED300D0A064 /* PushNotificationManager.h */ = {isa = PBXFileReference; lastKnownFileType = sourcecode.c.h; path = PushNotificationManager.h; sourceTree = "<group>"; };
		ABB6AF7D14D2AED300D0A064 /* PushNotificationManager.m */ = {isa = PBXFileReference; lastKnownFileType = sourcecode.c.objc; path = PushNotificationManager.m; sourceTree = "<group>"; };
/* End PBXFileReference section */

/* Begin PBXFrameworksBuildPhase section */
		ABB6AF6D14D2AED300D0A064 /* Frameworks */ = {
			isa = PBXFrameworksBuildPhase;
			buildActionMask = 2147483647;
			files = (
				ABB6AF7414D2AED300D0A064 /* Cocoa.framework in Frameworks */,
			);
			runOnlyForDeploymentPostprocessing = 0;
		};
/* End PBXFrameworksBuildPhase section */

/* Begin PBXGroup section */
		ABB6AF6514D2AED300D0A064 = {
			isa = PBXGroup;
			children = (
				ABB6AF7914D2AED300D0A064 /* PushNotificationManager */,
				ABB6AF7214D2AED300D0A064 /* Frameworks */,
				ABB6AF7114D2AED300D0A064 /* Products */,
			);
			sourceTree = "<group>";
		};
		ABB6AF7114D2AED300D0A064 /* Products */ = {
			isa = PBXGroup;
			children = (
				ABB6AF7014D2AED300D0A064 /* libPushNotificationManager.a */,
			);
			name = Products;
			sourceTree = "<group>";
		};
		ABB6AF7214D2AED300D0A064 /* Frameworks */ = {
			isa = PBXGroup;
			children = (
				ABB6AF7314D2AED300D0A064 /* Cocoa.framework */,
				ABB6AF7514D2AED300D0A064 /* Other Frameworks */,
			);
			name = Frameworks;
			sourceTree = "<group>";
		};
		ABB6AF7514D2AED300D0A064 /* Other Frameworks */ = {
			isa = PBXGroup;
			children = (
				ABB6AF7614D2AED300D0A064 /* AppKit.framework */,
				ABB6AF7814D2AED300D0A064 /* Foundation.framework */,
			);
			name = "Other Frameworks";
			sourceTree = "<group>";
		};
		ABB6AF7914D2AED300D0A064 /* PushNotificationManager */ = {
			isa = PBXGroup;
			children = (
				50BCA982175F7FAE0008AB74 /* PushRuntime.h */,
				50BCA983175F7FAE0008AB74 /* PushRuntime.m */,
				50BCA984175F7FAE0008AB74 /* PW_SBJsonBase.h */,
				50BCA985175F7FAE0008AB74 /* PW_SBJsonBase.m */,
				50BCA986175F7FAE0008AB74 /* PW_SBJsonParser.h */,
				50BCA987175F7FAE0008AB74 /* PW_SBJsonParser.m */,
				50BCA988175F7FAE0008AB74 /* PW_SBJsonWriter.h */,
				50BCA989175F7FAE0008AB74 /* PW_SBJsonWriter.m */,
				50BCA98A175F7FAE0008AB74 /* PWApplicationEventRequest.h */,
				50BCA98B175F7FAE0008AB74 /* PWApplicationEventRequest.m */,
				50BCA98C175F7FAE0008AB74 /* PWGetTagsRequest.h */,
				50BCA98D175F7FAE0008AB74 /* PWGetTagsRequest.m */,
				50BCA98E175F7FAE0008AB74 /* PWSendBadgeRequest.h */,
				50BCA98F175F7FAE0008AB74 /* PWSendBadgeRequest.m */,
				50B72929165D5B3900525F8B /* PWAppOpenRequest.m */,
				50B7292A165D5B3900525F8B /* PWAppOpenRequest.h */,
				500B662815DD5FE3002B2233 /* PWPushStatRequest.h */,
				500B662915DD5FE3002B2233 /* PWPushStatRequest.m */,
				500B662415DD5D43002B2233 /* PWRegisterDeviceRequest.h */,
				500B662515DD5D43002B2233 /* PWRegisterDeviceRequest.m */,
				500B662015DD5BBA002B2233 /* PWRequestManager.h */,
				500B662115DD5BBA002B2233 /* PWRequestManager.m */,
				500B661C15DD5B9E002B2233 /* PWRequest.h */,
				500B661D15DD5B9E002B2233 /* PWRequest.m */,
				500B661815DD5B53002B2233 /* PWSetTagsRequest.h */,
				500B661915DD5B53002B2233 /* PWSetTagsRequest.m */,
				ABB6AF7C14D2AED300D0A064 /* PushNotificationManager.h */,
				ABB6AF7D14D2AED300D0A064 /* PushNotificationManager.m */,
				ABB6AF7A14D2AED300D0A064 /* Supporting Files */,
			);
			path = PushNotificationManager;
			sourceTree = "<group>";
		};
		ABB6AF7A14D2AED300D0A064 /* Supporting Files */ = {
			isa = PBXGroup;
			children = (
				ABB6AF7B14D2AED300D0A064 /* PushNotificationManager-Prefix.pch */,
			);
			name = "Supporting Files";
			sourceTree = "<group>";
		};
/* End PBXGroup section */

/* Begin PBXHeadersBuildPhase section */
		ABB6AF6E14D2AED300D0A064 /* Headers */ = {
			isa = PBXHeadersBuildPhase;
			buildActionMask = 2147483647;
			files = (
				500B661A15DD5B53002B2233 /* PWSetTagsRequest.h in Headers */,
				500B661E15DD5B9E002B2233 /* PWRequest.h in Headers */,
				500B662215DD5BBA002B2233 /* PWRequestManager.h in Headers */,
				500B662615DD5D43002B2233 /* PWRegisterDeviceRequest.h in Headers */,
				500B662A15DD5FE3002B2233 /* PWPushStatRequest.h in Headers */,
				50B7292C165D5B3900525F8B /* PWAppOpenRequest.h in Headers */,
				50BCA990175F7FAE0008AB74 /* PushRuntime.h in Headers */,
				50BCA992175F7FAE0008AB74 /* PW_SBJsonBase.h in Headers */,
				50BCA994175F7FAE0008AB74 /* PW_SBJsonParser.h in Headers */,
				50BCA996175F7FAE0008AB74 /* PW_SBJsonWriter.h in Headers */,
				50BCA998175F7FAE0008AB74 /* PWApplicationEventRequest.h in Headers */,
				50BCA99A175F7FAE0008AB74 /* PWGetTagsRequest.h in Headers */,
				50BCA99C175F7FAE0008AB74 /* PWSendBadgeRequest.h in Headers */,
			);
			runOnlyForDeploymentPostprocessing = 0;
		};
/* End PBXHeadersBuildPhase section */

/* Begin PBXNativeTarget section */
		ABB6AF6F14D2AED300D0A064 /* PushNotificationManager */ = {
			isa = PBXNativeTarget;
			buildConfigurationList = ABB6AF8114D2AED300D0A064 /* Build configuration list for PBXNativeTarget "PushNotificationManager" */;
			buildPhases = (
				ABB6AF6C14D2AED300D0A064 /* Sources */,
				ABB6AF6D14D2AED300D0A064 /* Frameworks */,
				ABB6AF6E14D2AED300D0A064 /* Headers */,
			);
			buildRules = (
			);
			dependencies = (
			);
			name = PushNotificationManager;
			productName = PushNotificationManager;
			productReference = ABB6AF7014D2AED300D0A064 /* libPushNotificationManager.a */;
			productType = "com.apple.product-type.library.static";
		};
/* End PBXNativeTarget section */

/* Begin PBXProject section */
		ABB6AF6714D2AED300D0A064 /* Project object */ = {
			isa = PBXProject;
			attributes = {
				LastUpgradeCheck = 0440;
				ORGANIZATIONNAME = "fever9@gmail.com";
			};
			buildConfigurationList = ABB6AF6A14D2AED300D0A064 /* Build configuration list for PBXProject "PushNotificationManager" */;
			compatibilityVersion = "Xcode 3.2";
			developmentRegion = English;
			hasScannedForEncodings = 0;
			knownRegions = (
				en,
			);
			mainGroup = ABB6AF6514D2AED300D0A064;
			productRefGroup = ABB6AF7114D2AED300D0A064 /* Products */;
			projectDirPath = "";
			projectRoot = "";
			targets = (
				ABB6AF6F14D2AED300D0A064 /* PushNotificationManager */,
			);
		};
/* End PBXProject section */

/* Begin PBXSourcesBuildPhase section */
		ABB6AF6C14D2AED300D0A064 /* Sources */ = {
			isa = PBXSourcesBuildPhase;
			buildActionMask = 2147483647;
			files = (
				ABB6AF7E14D2AED300D0A064 /* PushNotificationManager.m in Sources */,
				500B661B15DD5B53002B2233 /* PWSetTagsRequest.m in Sources */,
				500B661F15DD5B9E002B2233 /* PWRequest.m in Sources */,
				500B662315DD5BBA002B2233 /* PWRequestManager.m in Sources */,
				500B662715DD5D43002B2233 /* PWRegisterDeviceRequest.m in Sources */,
				500B662B15DD5FE3002B2233 /* PWPushStatRequest.m in Sources */,
				50B7292B165D5B3900525F8B /* PWAppOpenRequest.m in Sources */,
				50BCA991175F7FAE0008AB74 /* PushRuntime.m in Sources */,
				50BCA993175F7FAE0008AB74 /* PW_SBJsonBase.m in Sources */,
				50BCA995175F7FAE0008AB74 /* PW_SBJsonParser.m in Sources */,
				50BCA997175F7FAE0008AB74 /* PW_SBJsonWriter.m in Sources */,
				50BCA999175F7FAE0008AB74 /* PWApplicationEventRequest.m in Sources */,
				50BCA99B175F7FAE0008AB74 /* PWGetTagsRequest.m in Sources */,
				50BCA99D175F7FAE0008AB74 /* PWSendBadgeRequest.m in Sources */,
			);
			runOnlyForDeploymentPostprocessing = 0;
		};
/* End PBXSourcesBuildPhase section */

/* Begin XCBuildConfiguration section */
		ABB6AF7F14D2AED300D0A064 /* Debug */ = {
			isa = XCBuildConfiguration;
			buildSettings = {
				ALWAYS_SEARCH_USER_PATHS = NO;
				ARCHS = "$(ARCHS_STANDARD_32_64_BIT)";
				COPY_PHASE_STRIP = NO;
				GCC_C_LANGUAGE_STANDARD = gnu99;
				GCC_DYNAMIC_NO_PIC = NO;
				GCC_ENABLE_OBJC_EXCEPTIONS = YES;
				GCC_OPTIMIZATION_LEVEL = 0;
				GCC_PREPROCESSOR_DEFINITIONS = (
					"DEBUG=1",
					"$(inherited)",
				);
				GCC_SYMBOLS_PRIVATE_EXTERN = NO;
				GCC_VERSION = com.apple.compilers.llvm.clang.1_0;
				GCC_WARN_64_TO_32_BIT_CONVERSION = YES;
				GCC_WARN_ABOUT_MISSING_PROTOTYPES = YES;
				GCC_WARN_ABOUT_RETURN_TYPE = YES;
				GCC_WARN_UNUSED_VARIABLE = YES;
				MACOSX_DEPLOYMENT_TARGET = 10.7;
				ONLY_ACTIVE_ARCH = YES;
				SDKROOT = macosx;
			};
			name = Debug;
		};
		ABB6AF8014D2AED300D0A064 /* Release */ = {
			isa = XCBuildConfiguration;
			buildSettings = {
				ALWAYS_SEARCH_USER_PATHS = NO;
				ARCHS = "$(ARCHS_STANDARD_32_64_BIT)";
				COPY_PHASE_STRIP = YES;
				DEBUG_INFORMATION_FORMAT = "dwarf-with-dsym";
				GCC_C_LANGUAGE_STANDARD = gnu99;
				GCC_ENABLE_OBJC_EXCEPTIONS = YES;
				GCC_VERSION = com.apple.compilers.llvm.clang.1_0;
				GCC_WARN_64_TO_32_BIT_CONVERSION = YES;
				GCC_WARN_ABOUT_MISSING_PROTOTYPES = YES;
				GCC_WARN_ABOUT_RETURN_TYPE = YES;
				GCC_WARN_UNUSED_VARIABLE = YES;
				MACOSX_DEPLOYMENT_TARGET = 10.7;
				SDKROOT = macosx;
			};
			name = Release;
		};
		ABB6AF8214D2AED300D0A064 /* Debug */ = {
			isa = XCBuildConfiguration;
			buildSettings = {
				COMBINE_HIDPI_IMAGES = YES;
				GCC_PRECOMPILE_PREFIX_HEADER = YES;
				GCC_PREFIX_HEADER = "PushNotificationManager/PushNotificationManager-Prefix.pch";
				PRODUCT_NAME = "$(TARGET_NAME)";
			};
			name = Debug;
		};
		ABB6AF8314D2AED300D0A064 /* Release */ = {
			isa = XCBuildConfiguration;
			buildSettings = {
				COMBINE_HIDPI_IMAGES = YES;
				GCC_PRECOMPILE_PREFIX_HEADER = YES;
				GCC_PREFIX_HEADER = "PushNotificationManager/PushNotificationManager-Prefix.pch";
				PRODUCT_NAME = "$(TARGET_NAME)";
			};
			name = Release;
		};
/* End XCBuildConfiguration section */

/* Begin XCConfigurationList section */
		ABB6AF6A14D2AED300D0A064 /* Build configuration list for PBXProject "PushNotificationManager" */ = {
			isa = XCConfigurationList;
			buildConfigurations = (
				ABB6AF7F14D2AED300D0A064 /* Debug */,
				ABB6AF8014D2AED300D0A064 /* Release */,
			);
			defaultConfigurationIsVisible = 0;
			defaultConfigurationName = Release;
		};
		ABB6AF8114D2AED300D0A064 /* Build configuration list for PBXNativeTarget "PushNotificationManager" */ = {
			isa = XCConfigurationList;
			buildConfigurations = (
				ABB6AF8214D2AED300D0A064 /* Debug */,
				ABB6AF8314D2AED300D0A064 /* Release */,
			);
			defaultConfigurationIsVisible = 0;
			defaultConfigurationName = Release;
		};
/* End XCConfigurationList section */
	};
	rootObject = ABB6AF6714D2AED300D0A064 /* Project object */;
}
